// !$*UTF8*$!
{
	archiveVersion = 1;
	classes = {
	};
	objectVersion = 77;
	objects = {

/* Begin PBXContainerItemProxy section */
		507F87CE2CB9B15400D47085 /* PBXContainerItemProxy */ = {
			isa = PBXContainerItemProxy;
			containerPortal = 507F87B42CB9B15200D47085 /* Project object */;
			proxyType = 1;
			remoteGlobalIDString = 507F87BB2CB9B15200D47085;
			remoteInfo = "XCC-Jamf-Test";
		};
		507F87D82CB9B15400D47085 /* PBXContainerItemProxy */ = {
			isa = PBXContainerItemProxy;
			containerPortal = 507F87B42CB9B15200D47085 /* Project object */;
			proxyType = 1;
			remoteGlobalIDString = 507F87BB2CB9B15200D47085;
			remoteInfo = "XCC-Jamf-Test";
		};
/* End PBXContainerItemProxy section */

/* Begin PBXFileReference section */
		507F87BC2CB9B15200D47085 /* XCC-Jamf-Test.app */ = {isa = PBXFileReference; explicitFileType = wrapper.application; includeInIndex = 0; path = "XCC-Jamf-Test.app"; sourceTree = BUILT_PRODUCTS_DIR; };
		507F87CD2CB9B15400D47085 /* XCC-Jamf-TestTests.xctest */ = {isa = PBXFileReference; explicitFileType = wrapper.cfbundle; includeInIndex = 0; path = "XCC-Jamf-TestTests.xctest"; sourceTree = BUILT_PRODUCTS_DIR; };
		507F87D72CB9B15400D47085 /* XCC-Jamf-TestUITests.xctest */ = {isa = PBXFileReference; explicitFileType = wrapper.cfbundle; includeInIndex = 0; path = "XCC-Jamf-TestUITests.xctest"; sourceTree = BUILT_PRODUCTS_DIR; };
/* End PBXFileReference section */

/* Begin PBXFileSystemSynchronizedRootGroup section */
		507F87BE2CB9B15200D47085 /* XCC-Jamf-Test */ = {
			isa = PBXFileSystemSynchronizedRootGroup;
			path = "XCC-Jamf-Test";
			sourceTree = "<group>";
		};
		507F87D02CB9B15400D47085 /* XCC-Jamf-TestTests */ = {
			isa = PBXFileSystemSynchronizedRootGroup;
			path = "XCC-Jamf-TestTests";
			sourceTree = "<group>";
		};
		507F87DA2CB9B15400D47085 /* XCC-Jamf-TestUITests */ = {
			isa = PBXFileSystemSynchronizedRootGroup;
			path = "XCC-Jamf-TestUITests";
			sourceTree = "<group>";
		};
/* End PBXFileSystemSynchronizedRootGroup section */

/* Begin PBXFrameworksBuildPhase section */
		507F87B92CB9B15200D47085 /* Frameworks */ = {
			isa = PBXFrameworksBuildPhase;
			buildActionMask = 2147483647;
			files = (
			);
			runOnlyForDeploymentPostprocessing = 0;
		};
		507F87CA2CB9B15400D47085 /* Frameworks */ = {
			isa = PBXFrameworksBuildPhase;
			buildActionMask = 2147483647;
			files = (
			);
			runOnlyForDeploymentPostprocessing = 0;
		};
		507F87D42CB9B15400D47085 /* Frameworks */ = {
			isa = PBXFrameworksBuildPhase;
			buildActionMask = 2147483647;
			files = (
			);
			runOnlyForDeploymentPostprocessing = 0;
		};
/* End PBXFrameworksBuildPhase section */

/* Begin PBXGroup section */
		507F87B32CB9B15200D47085 = {
			isa = PBXGroup;
			children = (
				507F87BE2CB9B15200D47085 /* XCC-Jamf-Test */,
				507F87D02CB9B15400D47085 /* XCC-Jamf-TestTests */,
				507F87DA2CB9B15400D47085 /* XCC-Jamf-TestUITests */,
				507F87BD2CB9B15200D47085 /* Products */,
			);
			sourceTree = "<group>";
		};
		507F87BD2CB9B15200D47085 /* Products */ = {
			isa = PBXGroup;
			children = (
				507F87BC2CB9B15200D47085 /* XCC-Jamf-Test.app */,
				507F87CD2CB9B15400D47085 /* XCC-Jamf-TestTests.xctest */,
				507F87D72CB9B15400D47085 /* XCC-Jamf-TestUITests.xctest */,
			);
			name = Products;
			sourceTree = "<group>";
		};
/* End PBXGroup section */

/* Begin PBXNativeTarget section */
		507F87BB2CB9B15200D47085 /* XCC-Jamf-Test */ = {
			isa = PBXNativeTarget;
			buildConfigurationList = 507F87E12CB9B15400D47085 /* Build configuration list for PBXNativeTarget "XCC-Jamf-Test" */;
			buildPhases = (
				507F87B82CB9B15200D47085 /* Sources */,
				507F87B92CB9B15200D47085 /* Frameworks */,
				507F87BA2CB9B15200D47085 /* Resources */,
			);
			buildRules = (
			);
			dependencies = (
			);
			fileSystemSynchronizedGroups = (
				507F87BE2CB9B15200D47085 /* XCC-Jamf-Test */,
			);
			name = "XCC-Jamf-Test";
			packageProductDependencies = (
			);
			productName = "XCC-Jamf-Test";
			productReference = 507F87BC2CB9B15200D47085 /* XCC-Jamf-Test.app */;
			productType = "com.apple.product-type.application";
		};
		507F87CC2CB9B15400D47085 /* XCC-Jamf-TestTests */ = {
			isa = PBXNativeTarget;
			buildConfigurationList = 507F87E42CB9B15400D47085 /* Build configuration list for PBXNativeTarget "XCC-Jamf-TestTests" */;
			buildPhases = (
				507F87C92CB9B15400D47085 /* Sources */,
				507F87CA2CB9B15400D47085 /* Frameworks */,
				507F87CB2CB9B15400D47085 /* Resources */,
			);
			buildRules = (
			);
			dependencies = (
				507F87CF2CB9B15400D47085 /* PBXTargetDependency */,
			);
			fileSystemSynchronizedGroups = (
				507F87D02CB9B15400D47085 /* XCC-Jamf-TestTests */,
			);
			name = "XCC-Jamf-TestTests";
			packageProductDependencies = (
			);
			productName = "XCC-Jamf-TestTests";
			productReference = 507F87CD2CB9B15400D47085 /* XCC-Jamf-TestTests.xctest */;
			productType = "com.apple.product-type.bundle.unit-test";
		};
		507F87D62CB9B15400D47085 /* XCC-Jamf-TestUITests */ = {
			isa = PBXNativeTarget;
			buildConfigurationList = 507F87E72CB9B15400D47085 /* Build configuration list for PBXNativeTarget "XCC-Jamf-TestUITests" */;
			buildPhases = (
				507F87D32CB9B15400D47085 /* Sources */,
				507F87D42CB9B15400D47085 /* Frameworks */,
				507F87D52CB9B15400D47085 /* Resources */,
			);
			buildRules = (
			);
			dependencies = (
				507F87D92CB9B15400D47085 /* PBXTargetDependency */,
			);
			fileSystemSynchronizedGroups = (
				507F87DA2CB9B15400D47085 /* XCC-Jamf-TestUITests */,
			);
			name = "XCC-Jamf-TestUITests";
			packageProductDependencies = (
			);
			productName = "XCC-Jamf-TestUITests";
			productReference = 507F87D72CB9B15400D47085 /* XCC-Jamf-TestUITests.xctest */;
			productType = "com.apple.product-type.bundle.ui-testing";
		};
/* End PBXNativeTarget section */

/* Begin PBXProject section */
		507F87B42CB9B15200D47085 /* Project object */ = {
			isa = PBXProject;
			attributes = {
				BuildIndependentTargetsInParallel = 1;
				LastSwiftUpdateCheck = 1600;
				LastUpgradeCheck = 1600;
				TargetAttributes = {
					507F87BB2CB9B15200D47085 = {
						CreatedOnToolsVersion = 16.0;
					};
					507F87CC2CB9B15400D47085 = {
						CreatedOnToolsVersion = 16.0;
						TestTargetID = 507F87BB2CB9B15200D47085;
					};
					507F87D62CB9B15400D47085 = {
						CreatedOnToolsVersion = 16.0;
						TestTargetID = 507F87BB2CB9B15200D47085;
					};
				};
			};
			buildConfigurationList = 507F87B72CB9B15200D47085 /* Build configuration list for PBXProject "XCC-Jamf-Test" */;
			developmentRegion = en;
			hasScannedForEncodings = 0;
			knownRegions = (
				en,
				Base,
			);
			mainGroup = 507F87B32CB9B15200D47085;
			minimizedProjectReferenceProxies = 1;
			preferredProjectObjectVersion = 77;
			productRefGroup = 507F87BD2CB9B15200D47085 /* Products */;
			projectDirPath = "";
			projectRoot = "";
			targets = (
				507F87BB2CB9B15200D47085 /* XCC-Jamf-Test */,
				507F87CC2CB9B15400D47085 /* XCC-Jamf-TestTests */,
				507F87D62CB9B15400D47085 /* XCC-Jamf-TestUITests */,
			);
		};
/* End PBXProject section */

/* Begin PBXResourcesBuildPhase section */
		507F87BA2CB9B15200D47085 /* Resources */ = {
			isa = PBXResourcesBuildPhase;
			buildActionMask = 2147483647;
			files = (
			);
			runOnlyForDeploymentPostprocessing = 0;
		};
		507F87CB2CB9B15400D47085 /* Resources */ = {
			isa = PBXResourcesBuildPhase;
			buildActionMask = 2147483647;
			files = (
			);
			runOnlyForDeploymentPostprocessing = 0;
		};
		507F87D52CB9B15400D47085 /* Resources */ = {
			isa = PBXResourcesBuildPhase;
			buildActionMask = 2147483647;
			files = (
			);
			runOnlyForDeploymentPostprocessing = 0;
		};
/* End PBXResourcesBuildPhase section */

/* Begin PBXSourcesBuildPhase section */
		507F87B82CB9B15200D47085 /* Sources */ = {
			isa = PBXSourcesBuildPhase;
			buildActionMask = 2147483647;
			files = (
			);
			runOnlyForDeploymentPostprocessing = 0;
		};
		507F87C92CB9B15400D47085 /* Sources */ = {
			isa = PBXSourcesBuildPhase;
			buildActionMask = 2147483647;
			files = (
			);
			runOnlyForDeploymentPostprocessing = 0;
		};
		507F87D32CB9B15400D47085 /* Sources */ = {
			isa = PBXSourcesBuildPhase;
			buildActionMask = 2147483647;
			files = (
			);
			runOnlyForDeploymentPostprocessing = 0;
		};
/* End PBXSourcesBuildPhase section */

/* Begin PBXTargetDependency section */
		507F87CF2CB9B15400D47085 /* PBXTargetDependency */ = {
			isa = PBXTargetDependency;
			target = 507F87BB2CB9B15200D47085 /* XCC-Jamf-Test */;
			targetProxy = 507F87CE2CB9B15400D47085 /* PBXContainerItemProxy */;
		};
		507F87D92CB9B15400D47085 /* PBXTargetDependency */ = {
			isa = PBXTargetDependency;
			target = 507F87BB2CB9B15200D47085 /* XCC-Jamf-Test */;
			targetProxy = 507F87D82CB9B15400D47085 /* PBXContainerItemProxy */;
		};
/* End PBXTargetDependency section */

/* Begin XCBuildConfiguration section */
		507F87DF2CB9B15400D47085 /* Debug */ = {
			isa = XCBuildConfiguration;
			buildSettings = {
				ALWAYS_SEARCH_USER_PATHS = NO;
				ASSETCATALOG_COMPILER_GENERATE_SWIFT_ASSET_SYMBOL_EXTENSIONS = YES;
				CLANG_ANALYZER_NONNULL = YES;
				CLANG_ANALYZER_NUMBER_OBJECT_CONVERSION = YES_AGGRESSIVE;
				CLANG_CXX_LANGUAGE_STANDARD = "gnu++20";
				CLANG_ENABLE_MODULES = YES;
				CLANG_ENABLE_OBJC_ARC = YES;
				CLANG_ENABLE_OBJC_WEAK = YES;
				CLANG_WARN_BLOCK_CAPTURE_AUTORELEASING = YES;
				CLANG_WARN_BOOL_CONVERSION = YES;
				CLANG_WARN_COMMA = YES;
				CLANG_WARN_CONSTANT_CONVERSION = YES;
				CLANG_WARN_DEPRECATED_OBJC_IMPLEMENTATIONS = YES;
				CLANG_WARN_DIRECT_OBJC_ISA_USAGE = YES_ERROR;
				CLANG_WARN_DOCUMENTATION_COMMENTS = YES;
				CLANG_WARN_EMPTY_BODY = YES;
				CLANG_WARN_ENUM_CONVERSION = YES;
				CLANG_WARN_INFINITE_RECURSION = YES;
				CLANG_WARN_INT_CONVERSION = YES;
				CLANG_WARN_NON_LITERAL_NULL_CONVERSION = YES;
				CLANG_WARN_OBJC_IMPLICIT_RETAIN_SELF = YES;
				CLANG_WARN_OBJC_LITERAL_CONVERSION = YES;
				CLANG_WARN_OBJC_ROOT_CLASS = YES_ERROR;
				CLANG_WARN_QUOTED_INCLUDE_IN_FRAMEWORK_HEADER = YES;
				CLANG_WARN_RANGE_LOOP_ANALYSIS = YES;
				CLANG_WARN_STRICT_PROTOTYPES = YES;
				CLANG_WARN_SUSPICIOUS_MOVE = YES;
				CLANG_WARN_UNGUARDED_AVAILABILITY = YES_AGGRESSIVE;
				CLANG_WARN_UNREACHABLE_CODE = YES;
				CLANG_WARN__DUPLICATE_METHOD_MATCH = YES;
				COPY_PHASE_STRIP = NO;
				DEBUG_INFORMATION_FORMAT = dwarf;
				ENABLE_STRICT_OBJC_MSGSEND = YES;
				ENABLE_TESTABILITY = YES;
				ENABLE_USER_SCRIPT_SANDBOXING = YES;
				GCC_C_LANGUAGE_STANDARD = gnu17;
				GCC_DYNAMIC_NO_PIC = NO;
				GCC_NO_COMMON_BLOCKS = YES;
				GCC_OPTIMIZATION_LEVEL = 0;
				GCC_PREPROCESSOR_DEFINITIONS = (
					"DEBUG=1",
					"$(inherited)",
				);
				GCC_WARN_64_TO_32_BIT_CONVERSION = YES;
				GCC_WARN_ABOUT_RETURN_TYPE = YES_ERROR;
				GCC_WARN_UNDECLARED_SELECTOR = YES;
				GCC_WARN_UNINITIALIZED_AUTOS = YES_AGGRESSIVE;
				GCC_WARN_UNUSED_FUNCTION = YES;
				GCC_WARN_UNUSED_VARIABLE = YES;
				LOCALIZATION_PREFERS_STRING_CATALOGS = YES;
				MACOSX_DEPLOYMENT_TARGET = 15.0;
				MTL_ENABLE_DEBUG_INFO = INCLUDE_SOURCE;
				MTL_FAST_MATH = YES;
				ONLY_ACTIVE_ARCH = YES;
				SDKROOT = macosx;
				SWIFT_ACTIVE_COMPILATION_CONDITIONS = "DEBUG $(inherited)";
				SWIFT_OPTIMIZATION_LEVEL = "-Onone";
			};
			name = Debug;
		};
		507F87E02CB9B15400D47085 /* Release */ = {
			isa = XCBuildConfiguration;
			buildSettings = {
				ALWAYS_SEARCH_USER_PATHS = NO;
				ASSETCATALOG_COMPILER_GENERATE_SWIFT_ASSET_SYMBOL_EXTENSIONS = YES;
				CLANG_ANALYZER_NONNULL = YES;
				CLANG_ANALYZER_NUMBER_OBJECT_CONVERSION = YES_AGGRESSIVE;
				CLANG_CXX_LANGUAGE_STANDARD = "gnu++20";
				CLANG_ENABLE_MODULES = YES;
				CLANG_ENABLE_OBJC_ARC = YES;
				CLANG_ENABLE_OBJC_WEAK = YES;
				CLANG_WARN_BLOCK_CAPTURE_AUTORELEASING = YES;
				CLANG_WARN_BOOL_CONVERSION = YES;
				CLANG_WARN_COMMA = YES;
				CLANG_WARN_CONSTANT_CONVERSION = YES;
				CLANG_WARN_DEPRECATED_OBJC_IMPLEMENTATIONS = YES;
				CLANG_WARN_DIRECT_OBJC_ISA_USAGE = YES_ERROR;
				CLANG_WARN_DOCUMENTATION_COMMENTS = YES;
				CLANG_WARN_EMPTY_BODY = YES;
				CLANG_WARN_ENUM_CONVERSION = YES;
				CLANG_WARN_INFINITE_RECURSION = YES;
				CLANG_WARN_INT_CONVERSION = YES;
				CLANG_WARN_NON_LITERAL_NULL_CONVERSION = YES;
				CLANG_WARN_OBJC_IMPLICIT_RETAIN_SELF = YES;
				CLANG_WARN_OBJC_LITERAL_CONVERSION = YES;
				CLANG_WARN_OBJC_ROOT_CLASS = YES_ERROR;
				CLANG_WARN_QUOTED_INCLUDE_IN_FRAMEWORK_HEADER = YES;
				CLANG_WARN_RANGE_LOOP_ANALYSIS = YES;
				CLANG_WARN_STRICT_PROTOTYPES = YES;
				CLANG_WARN_SUSPICIOUS_MOVE = YES;
				CLANG_WARN_UNGUARDED_AVAILABILITY = YES_AGGRESSIVE;
				CLANG_WARN_UNREACHABLE_CODE = YES;
				CLANG_WARN__DUPLICATE_METHOD_MATCH = YES;
				COPY_PHASE_STRIP = NO;
				DEBUG_INFORMATION_FORMAT = "dwarf-with-dsym";
				ENABLE_NS_ASSERTIONS = NO;
				ENABLE_STRICT_OBJC_MSGSEND = YES;
				ENABLE_USER_SCRIPT_SANDBOXING = YES;
				GCC_C_LANGUAGE_STANDARD = gnu17;
				GCC_NO_COMMON_BLOCKS = YES;
				GCC_WARN_64_TO_32_BIT_CONVERSION = YES;
				GCC_WARN_ABOUT_RETURN_TYPE = YES_ERROR;
				GCC_WARN_UNDECLARED_SELECTOR = YES;
				GCC_WARN_UNINITIALIZED_AUTOS = YES_AGGRESSIVE;
				GCC_WARN_UNUSED_FUNCTION = YES;
				GCC_WARN_UNUSED_VARIABLE = YES;
				LOCALIZATION_PREFERS_STRING_CATALOGS = YES;
				MACOSX_DEPLOYMENT_TARGET = 15.0;
				MTL_ENABLE_DEBUG_INFO = NO;
				MTL_FAST_MATH = YES;
				SDKROOT = macosx;
				SWIFT_COMPILATION_MODE = wholemodule;
			};
			name = Release;
		};
		507F87E22CB9B15400D47085 /* Debug */ = {
			isa = XCBuildConfiguration;
			buildSettings = {
				ASSETCATALOG_COMPILER_APPICON_NAME = AppIcon;
				ASSETCATALOG_COMPILER_GLOBAL_ACCENT_COLOR_NAME = AccentColor;
				CODE_SIGN_ENTITLEMENTS = "XCC-Jamf-Test/XCC_Jamf_Test.entitlements";
				CODE_SIGN_STYLE = Automatic;
				COMBINE_HIDPI_IMAGES = YES;
				CURRENT_PROJECT_VERSION = 1;
				DEVELOPMENT_ASSET_PATHS = "\"XCC-Jamf-Test/Preview Content\"";
				DEVELOPMENT_TEAM = V7HLP74XY3;
				ENABLE_HARDENED_RUNTIME = YES;
				ENABLE_PREVIEWS = YES;
				GENERATE_INFOPLIST_FILE = YES;
				INFOPLIST_KEY_NSHumanReadableCopyright = "";
				LD_RUNPATH_SEARCH_PATHS = (
					"$(inherited)",
					"@executable_path/../Frameworks",
				);
				MARKETING_VERSION = 1.0;
				PRODUCT_BUNDLE_IDENTIFIER = "com.csideproductions.XCC-Jamf-Test";
				PRODUCT_NAME = "$(TARGET_NAME)";
				SWIFT_EMIT_LOC_STRINGS = YES;
				SWIFT_VERSION = 5.0;
			};
			name = Debug;
		};
		507F87E32CB9B15400D47085 /* Release */ = {
			isa = XCBuildConfiguration;
			buildSettings = {
				ASSETCATALOG_COMPILER_APPICON_NAME = AppIcon;
				ASSETCATALOG_COMPILER_GLOBAL_ACCENT_COLOR_NAME = AccentColor;
				CODE_SIGN_ENTITLEMENTS = "XCC-Jamf-Test/XCC_Jamf_Test.entitlements";
				CODE_SIGN_STYLE = Automatic;
				COMBINE_HIDPI_IMAGES = YES;
				CURRENT_PROJECT_VERSION = 1;
				DEVELOPMENT_ASSET_PATHS = "\"XCC-Jamf-Test/Preview Content\"";
				DEVELOPMENT_TEAM = V7HLP74XY3;
				ENABLE_HARDENED_RUNTIME = YES;
				ENABLE_PREVIEWS = YES;
				GENERATE_INFOPLIST_FILE = YES;
				INFOPLIST_KEY_NSHumanReadableCopyright = "";
				LD_RUNPATH_SEARCH_PATHS = (
					"$(inherited)",
					"@executable_path/../Frameworks",
				);
				MARKETING_VERSION = 1.0;
				PRODUCT_BUNDLE_IDENTIFIER = "com.csideproductions.XCC-Jamf-Test";
				PRODUCT_NAME = "$(TARGET_NAME)";
				SWIFT_EMIT_LOC_STRINGS = YES;
				SWIFT_VERSION = 5.0;
			};
			name = Release;
		};
		507F87E52CB9B15400D47085 /* Debug */ = {
			isa = XCBuildConfiguration;
			buildSettings = {
				BUNDLE_LOADER = "$(TEST_HOST)";
				CODE_SIGN_STYLE = Automatic;
				CURRENT_PROJECT_VERSION = 1;
				DEVELOPMENT_TEAM = V7HLP74XY3;
				GENERATE_INFOPLIST_FILE = YES;
				MACOSX_DEPLOYMENT_TARGET = 15.0;
				MARKETING_VERSION = 1.0;
				PRODUCT_BUNDLE_IDENTIFIER = "com.csideproductions.XCC-Jamf-TestTests";
				PRODUCT_NAME = "$(TARGET_NAME)";
				SWIFT_EMIT_LOC_STRINGS = NO;
				SWIFT_VERSION = 5.0;
				TEST_HOST = "$(BUILT_PRODUCTS_DIR)/XCC-Jamf-Test.app/$(BUNDLE_EXECUTABLE_FOLDER_PATH)/XCC-Jamf-Test";
			};
			name = Debug;
		};
		507F87E62CB9B15400D47085 /* Release */ = {
			isa = XCBuildConfiguration;
			buildSettings = {
				BUNDLE_LOADER = "$(TEST_HOST)";
				CODE_SIGN_STYLE = Automatic;
				CURRENT_PROJECT_VERSION = 1;
				DEVELOPMENT_TEAM = V7HLP74XY3;
				GENERATE_INFOPLIST_FILE = YES;
				MACOSX_DEPLOYMENT_TARGET = 15.0;
				MARKETING_VERSION = 1.0;
				PRODUCT_BUNDLE_IDENTIFIER = "com.csideproductions.XCC-Jamf-TestTests";
				PRODUCT_NAME = "$(TARGET_NAME)";
				SWIFT_EMIT_LOC_STRINGS = NO;
				SWIFT_VERSION = 5.0;
				TEST_HOST = "$(BUILT_PRODUCTS_DIR)/XCC-Jamf-Test.app/$(BUNDLE_EXECUTABLE_FOLDER_PATH)/XCC-Jamf-Test";
			};
			name = Release;
		};
		507F87E82CB9B15400D47085 /* Debug */ = {
			isa = XCBuildConfiguration;
			buildSettings = {
				CODE_SIGN_STYLE = Automatic;
				CURRENT_PROJECT_VERSION = 1;
				DEVELOPMENT_TEAM = V7HLP74XY3;
				GENERATE_INFOPLIST_FILE = YES;
				MARKETING_VERSION = 1.0;
				PRODUCT_BUNDLE_IDENTIFIER = "com.csideproductions.XCC-Jamf-TestUITests";
				PRODUCT_NAME = "$(TARGET_NAME)";
				SWIFT_EMIT_LOC_STRINGS = NO;
				SWIFT_VERSION = 5.0;
				TEST_TARGET_NAME = "XCC-Jamf-Test";
			};
			name = Debug;
		};
		507F87E92CB9B15400D47085 /* Release */ = {
			isa = XCBuildConfiguration;
			buildSettings = {
				CODE_SIGN_STYLE = Automatic;
				CURRENT_PROJECT_VERSION = 1;
				DEVELOPMENT_TEAM = V7HLP74XY3;
				GENERATE_INFOPLIST_FILE = YES;
				MARKETING_VERSION = 1.0;
				PRODUCT_BUNDLE_IDENTIFIER = "com.csideproductions.XCC-Jamf-TestUITests";
				PRODUCT_NAME = "$(TARGET_NAME)";
				SWIFT_EMIT_LOC_STRINGS = NO;
				SWIFT_VERSION = 5.0;
				TEST_TARGET_NAME = "XCC-Jamf-Test";
			};
			name = Release;
		};
/* End XCBuildConfiguration section */

/* Begin XCConfigurationList section */
		507F87B72CB9B15200D47085 /* Build configuration list for PBXProject "XCC-Jamf-Test" */ = {
			isa = XCConfigurationList;
			buildConfigurations = (
				507F87DF2CB9B15400D47085 /* Debug */,
				507F87E02CB9B15400D47085 /* Release */,
			);
			defaultConfigurationIsVisible = 0;
			defaultConfigurationName = Release;
		};
		507F87E12CB9B15400D47085 /* Build configuration list for PBXNativeTarget "XCC-Jamf-Test" */ = {
			isa = XCConfigurationList;
			buildConfigurations = (
				507F87E22CB9B15400D47085 /* Debug */,
				507F87E32CB9B15400D47085 /* Release */,
			);
			defaultConfigurationIsVisible = 0;
			defaultConfigurationName = Release;
		};
		507F87E42CB9B15400D47085 /* Build configuration list for PBXNativeTarget "XCC-Jamf-TestTests" */ = {
			isa = XCConfigurationList;
			buildConfigurations = (
				507F87E52CB9B15400D47085 /* Debug */,
				507F87E62CB9B15400D47085 /* Release */,
			);
			defaultConfigurationIsVisible = 0;
			defaultConfigurationName = Release;
		};
		507F87E72CB9B15400D47085 /* Build configuration list for PBXNativeTarget "XCC-Jamf-TestUITests" */ = {
			isa = XCConfigurationList;
			buildConfigurations = (
				507F87E82CB9B15400D47085 /* Debug */,
				507F87E92CB9B15400D47085 /* Release */,
			);
			defaultConfigurationIsVisible = 0;
			defaultConfigurationName = Release;
		};
/* End XCConfigurationList section */
	};
	rootObject = 507F87B42CB9B15200D47085 /* Project object */;
}
